
Microsoft Visual Studio Solution File, Format Version 12.00
# Visual Studio 2013
VisualStudioVersion = 12.0.21005.1
MinimumVisualStudioVersion = 10.0.40219.1
Project("{8BC9CEB8-8B4A-11D0-8D11-00A0C91BC942}") = "selectionSort", "selectionSort\selectionSort.vcxproj", "{DCB40C2D-5396-4E6A-A945-8951DA789D82}"
EndProject
Global
	GlobalSection(SolutionConfigurationPlatforms) = preSolution
		Debug|Win32 = Debug|Win32
		Release|Win32 = Release|Win32
	EndGlobalSection
	GlobalSection(ProjectConfigurationPlatforms) = postSolution
		{DCB40C2D-5396-4E6A-A945-8951DA789D82}.Debug|Win32.ActiveCfg = Debug|Win32
		{DCB40C2D-5396-4E6A-A945-8951DA789D82}.Debug|Win32.Build.0 = Debug|Win32
		{DCB40C2D-5396-4E6A-A945-8951DA789D82}.Release|Win32.ActiveCfg = Release|Win32
		{DCB40C2D-5396-4E6A-A945-8951DA789D82}.Release|Win32.Build.0 = Release|Win32
	EndGlobalSection
	GlobalSection(SolutionProperties) = preSolution
		HideSolutionNode = FALSE
	EndGlobalSection
EndGlobal
