
Microsoft Visual Studio Solution File, Format Version 12.00
# Visual Studio 2013
VisualStudioVersion = 12.0.21005.1
MinimumVisualStudioVersion = 10.0.40219.1
Project("{8BC9CEB8-8B4A-11D0-8D11-00A0C91BC942}") = "onlyOutputNumbers", "onlyOutputNumbers\onlyOutputNumbers.vcxproj", "{31412457-99D0-46BD-9131-74E83B70A75E}"
EndProject
Global
	GlobalSection(SolutionConfigurationPlatforms) = preSolution
		Debug|Win32 = Debug|Win32
		Release|Win32 = Release|Win32
	EndGlobalSection
	GlobalSection(ProjectConfigurationPlatforms) = postSolution
		{31412457-99D0-46BD-9131-74E83B70A75E}.Debug|Win32.ActiveCfg = Debug|Win32
		{31412457-99D0-46BD-9131-74E83B70A75E}.Debug|Win32.Build.0 = Debug|Win32
		{31412457-99D0-46BD-9131-74E83B70A75E}.Release|Win32.ActiveCfg = Release|Win32
		{31412457-99D0-46BD-9131-74E83B70A75E}.Release|Win32.Build.0 = Release|Win32
	EndGlobalSection
	GlobalSection(SolutionProperties) = preSolution
		HideSolutionNode = FALSE
	EndGlobalSection
EndGlobal
